
Microsoft Visual Studio Solution File, Format Version 12.00
# Visual Studio Version 17
VisualStudioVersion = 17.12.35707.178
MinimumVisualStudioVersion = 10.0.40219.1
Project("{2150E333-8FDC-42A3-9474-1A3956D46DE8}") = "Solution Items", "Solution Items", "{BAD6D0A2-1DE0-4588-877F-2027B0786731}"
	ProjectSection(SolutionItems) = preProject
		.env = .env
		compose.yaml = compose.yaml
		compose.prod.yaml = compose.prod.yaml
		README.md = README.md
		.env.example = .env.example
		.env.production.example = .env.production.example
		Directory.Build.props = Directory.Build.props
		.editorconfig = .editorconfig
	EndProjectSection
EndProject
Project("{2150E333-8FDC-42A3-9474-1A3956D46DE8}") = "src", "src", "{0EA014D9-5D23-4EE2-A0E5-B6A0916000CD}"
EndProject
Project("{2150E333-8FDC-42A3-9474-1A3956D46DE8}") = "API", "API", "{5F4688FF-B1A0-4BD6-8052-F4B4F7FDE734}"
EndProject
Project("{2150E333-8FDC-42A3-9474-1A3956D46DE8}") = "Core", "Core", "{415BC06D-014F-49F4-A28E-D48E7150A9BE}"
EndProject
Project("{2150E333-8FDC-42A3-9474-1A3956D46DE8}") = "Infrastructure", "Infrastructure", "{463540A1-2D10-4BA8-B838-31CD0C03B9D7}"
EndProject
Project("{2150E333-8FDC-42A3-9474-1A3956D46DE8}") = "tests", "tests", "{9752E1C1-67E6-4F5E-896F-676AF1FDF425}"
EndProject
Project("{FAE04EC0-301F-11D3-BF4B-00C04F79EFBC}") = "Shopilent.Domain", "src\Core\Shopilent.Domain\Shopilent.Domain.csproj", "{11108A59-AF3B-48F1-87A6-015229D93024}"
EndProject
Project("{FAE04EC0-301F-11D3-BF4B-00C04F79EFBC}") = "Shopilent.Application", "src\Core\Shopilent.Application\Shopilent.Application.csproj", "{740057DC-0042-405B-A679-69703134DF6B}"
EndProject
Project("{FAE04EC0-301F-11D3-BF4B-00C04F79EFBC}") = "Shopilent.Domain.UnitTests", "tests\Shopilent.Domain.UnitTests\Shopilent.Domain.UnitTests.csproj", "{EAF3A4B1-9F62-43D6-8415-6BC179456638}"
EndProject
Project("{FAE04EC0-301F-11D3-BF4B-00C04F79EFBC}") = "Shopilent.Infrastructure", "src\Infrastructure\Shopilent.Infrastructure\Shopilent.Infrastructure.csproj", "{E8554658-1675-4E86-A772-4F7EE0BF46A3}"
EndProject
Project("{FAE04EC0-301F-11D3-BF4B-00C04F79EFBC}") = "Shopilent.API", "src\API\Shopilent.API\Shopilent.API.csproj", "{ACC63028-F1F6-4C04-9E2C-318AADE07AB9}"
EndProject
Project("{FAE04EC0-301F-11D3-BF4B-00C04F79EFBC}") = "Shopilent.Infrastructure.Identity", "src\Infrastructure\Shopilent.Infrastructure.Identity\Shopilent.Infrastructure.Identity.csproj", "{C82398F3-246D-49F2-BC1F-EF62283EA24F}"
EndProject
Project("{FAE04EC0-301F-11D3-BF4B-00C04F79EFBC}") = "Shopilent.Infrastructure.Logging", "src\Infrastructure\Shopilent.Infrastructure.Logging\Shopilent.Infrastructure.Logging.csproj", "{90A2F7C2-CFDF-4C78-9D5C-DA983D91206B}"
EndProject
Project("{FAE04EC0-301F-11D3-BF4B-00C04F79EFBC}") = "Shopilent.Infrastructure.S3ObjectStorage", "src\Infrastructure\Shopilent.Infrastructure.S3ObjectStorage\Shopilent.Infrastructure.S3ObjectStorage.csproj", "{C46E7AEC-FADB-4B57-84B0-70DBF3DDC31D}"
EndProject
Project("{FAE04EC0-301F-11D3-BF4B-00C04F79EFBC}") = "Shopilent.Infrastructure.Search.Meilisearch", "src\Infrastructure\Shopilent.Infrastructure.Search.Meilisearch\Shopilent.Infrastructure.Search.Meilisearch.csproj", "{052E247E-35BF-49D1-B3B7-E2C3D60D43E4}"
EndProject
Project("{FAE04EC0-301F-11D3-BF4B-00C04F79EFBC}") = "Shopilent.Infrastructure.Realtime.SignalR", "src\Infrastructure\Shopilent.Infrastructure.Realtime.SignalR\Shopilent.Infrastructure.Realtime.SignalR.csproj", "{60435A6F-23FD-4135-A640-3D9E166D4DF0}"
EndProject
Project("{FAE04EC0-301F-11D3-BF4B-00C04F79EFBC}") = "Shopilent.Infrastructure.Persistence.PostgreSQL", "src\Infrastructure\Shopilent.Infrastructure.Persistence.PostgreSQL\Shopilent.Infrastructure.Persistence.PostgreSQL.csproj", "{0368FCF2-3563-4A1F-9E22-ADA61ACCD3F3}"
EndProject
Project("{FAE04EC0-301F-11D3-BF4B-00C04F79EFBC}") = "Shopilent.Infrastructure.Cache.Redis", "src\Infrastructure\Shopilent.Infrastructure.Cache.Redis\Shopilent.Infrastructure.Cache.Redis.csproj", "{863F1A8A-2694-4BFA-9093-166A8B18C7F1}"
EndProject
Project("{2150E333-8FDC-42A3-9474-1A3956D46DE8}") = "UI", "UI", "{9CF72851-172A-482E-81B4-5113748D4758}"
EndProject
Project("{FAE04EC0-301F-11D3-BF4B-00C04F79EFBC}") = "Shopilent.Application.UnitTests", "tests\Shopilent.Application.UnitTests\Shopilent.Application.UnitTests.csproj", "{2E1D9AB4-C199-41B8-B5DB-C7A286B79690}"
EndProject
Project("{54A90642-561A-4BB1-A94E-469ADEE60C69}") = "Shopilent.Admin", "src\UI\Shopilent.Admin\Shopilent.Admin.esproj", "{2486DD0A-0D5D-2935-825B-9087B050AECC}"
EndProject
Project("{54A90642-561A-4BB1-A94E-469ADEE60C69}") = "Shopilent.Client", "src\UI\Shopilent.Client\Shopilent.Client.esproj", "{4F4C987E-2EB1-B5D0-1FDE-6E4950B8BA35}"
EndProject
Project("{FAE04EC0-301F-11D3-BF4B-00C04F79EFBC}") = "Shopilent.Infrastructure.Payments", "src\Infrastructure\Shopilent.Infrastructure.Payments\Shopilent.Infrastructure.Payments.csproj", "{544175F3-59A1-4FF8-A41F-4261EC654187}"
EndProject
Project("{FAE04EC0-301F-11D3-BF4B-00C04F79EFBC}") = "Shopilent.Infrastructure.IntegrationTests", "tests\Shopilent.Infrastructure.IntegrationTests\Shopilent.Infrastructure.IntegrationTests.csproj", "{79630144-DE1A-4331-AD58-069BF28AE897}"
EndProject
Project("{FAE04EC0-301F-11D3-BF4B-00C04F79EFBC}") = "Shopilent.API.IntegrationTests", "tests\Shopilent.API.IntegrationTests\Shopilent.API.IntegrationTests.csproj", "{94EB8329-947B-4C76-ADC9-EEE6C4AEAD4E}"
EndProject
Project("{FAE04EC0-301F-11D3-BF4B-00C04F79EFBC}") = "Shopilent.FunctionalTests", "tests\Shopilent.FunctionalTests\Shopilent.FunctionalTests.csproj", "{4E4CDA9A-5429-4270-882E-A3EC58BE2AB6}"
EndProject
Project("{FAE04EC0-301F-11D3-BF4B-00C04F79EFBC}") = "Shopilent.ArchitectureTests", "tests\Shopilent.ArchitectureTests\Shopilent.ArchitectureTests.csproj", "{3A4B27C3-F76E-43CB-A0FA-19177401EB37}"
EndProject
Project("{2150E333-8FDC-42A3-9474-1A3956D46DE8}") = "docs", "docs", "{03BA1C2A-37D9-40B3-8163-4A338DD48725}"
	ProjectSection(SolutionItems) = preProject
		docs\deploy.production.md = docs\deploy.production.md
	EndProjectSection
EndProject
Project("{2150E333-8FDC-42A3-9474-1A3956D46DE8}") = "scripts", "scripts", "{B7FF7EA8-71B0-4D72-B6F9-79FE395484F0}"
	ProjectSection(SolutionItems) = preProject
		scripts\postgres-primary-init.sh = scripts\postgres-primary-init.sh
	EndProjectSection
EndProject
Global
	GlobalSection(SolutionConfigurationPlatforms) = preSolution
		Debug|Any CPU = Debug|Any CPU
		Release|Any CPU = Release|Any CPU
	EndGlobalSection
	GlobalSection(ProjectConfigurationPlatforms) = postSolution
		{11108A59-AF3B-48F1-87A6-015229D93024}.Debug|Any CPU.ActiveCfg = Debug|Any CPU
		{11108A59-AF3B-48F1-87A6-015229D93024}.Debug|Any CPU.Build.0 = Debug|Any CPU
		{11108A59-AF3B-48F1-87A6-015229D93024}.Release|Any CPU.ActiveCfg = Release|Any CPU
		{11108A59-AF3B-48F1-87A6-015229D93024}.Release|Any CPU.Build.0 = Release|Any CPU
		{740057DC-0042-405B-A679-69703134DF6B}.Debug|Any CPU.ActiveCfg = Debug|Any CPU
		{740057DC-0042-405B-A679-69703134DF6B}.Debug|Any CPU.Build.0 = Debug|Any CPU
		{740057DC-0042-405B-A679-69703134DF6B}.Release|Any CPU.ActiveCfg = Release|Any CPU
		{740057DC-0042-405B-A679-69703134DF6B}.Release|Any CPU.Build.0 = Release|Any CPU
		{EAF3A4B1-9F62-43D6-8415-6BC179456638}.Debug|Any CPU.ActiveCfg = Debug|Any CPU
		{EAF3A4B1-9F62-43D6-8415-6BC179456638}.Debug|Any CPU.Build.0 = Debug|Any CPU
		{EAF3A4B1-9F62-43D6-8415-6BC179456638}.Release|Any CPU.ActiveCfg = Release|Any CPU
		{EAF3A4B1-9F62-43D6-8415-6BC179456638}.Release|Any CPU.Build.0 = Release|Any CPU
		{E8554658-1675-4E86-A772-4F7EE0BF46A3}.Debug|Any CPU.ActiveCfg = Debug|Any CPU
		{E8554658-1675-4E86-A772-4F7EE0BF46A3}.Debug|Any CPU.Build.0 = Debug|Any CPU
		{E8554658-1675-4E86-A772-4F7EE0BF46A3}.Release|Any CPU.ActiveCfg = Release|Any CPU
		{E8554658-1675-4E86-A772-4F7EE0BF46A3}.Release|Any CPU.Build.0 = Release|Any CPU
		{ACC63028-F1F6-4C04-9E2C-318AADE07AB9}.Debug|Any CPU.ActiveCfg = Debug|Any CPU
		{ACC63028-F1F6-4C04-9E2C-318AADE07AB9}.Debug|Any CPU.Build.0 = Debug|Any CPU
		{ACC63028-F1F6-4C04-9E2C-318AADE07AB9}.Release|Any CPU.ActiveCfg = Release|Any CPU
		{ACC63028-F1F6-4C04-9E2C-318AADE07AB9}.Release|Any CPU.Build.0 = Release|Any CPU
		{C82398F3-246D-49F2-BC1F-EF62283EA24F}.Debug|Any CPU.ActiveCfg = Debug|Any CPU
		{C82398F3-246D-49F2-BC1F-EF62283EA24F}.Debug|Any CPU.Build.0 = Debug|Any CPU
		{C82398F3-246D-49F2-BC1F-EF62283EA24F}.Release|Any CPU.ActiveCfg = Release|Any CPU
		{C82398F3-246D-49F2-BC1F-EF62283EA24F}.Release|Any CPU.Build.0 = Release|Any CPU
		{90A2F7C2-CFDF-4C78-9D5C-DA983D91206B}.Debug|Any CPU.ActiveCfg = Debug|Any CPU
		{90A2F7C2-CFDF-4C78-9D5C-DA983D91206B}.Debug|Any CPU.Build.0 = Debug|Any CPU
		{90A2F7C2-CFDF-4C78-9D5C-DA983D91206B}.Release|Any CPU.ActiveCfg = Release|Any CPU
		{90A2F7C2-CFDF-4C78-9D5C-DA983D91206B}.Release|Any CPU.Build.0 = Release|Any CPU
		{C46E7AEC-FADB-4B57-84B0-70DBF3DDC31D}.Debug|Any CPU.ActiveCfg = Debug|Any CPU
		{C46E7AEC-FADB-4B57-84B0-70DBF3DDC31D}.Debug|Any CPU.Build.0 = Debug|Any CPU
		{C46E7AEC-FADB-4B57-84B0-70DBF3DDC31D}.Release|Any CPU.ActiveCfg = Release|Any CPU
		{C46E7AEC-FADB-4B57-84B0-70DBF3DDC31D}.Release|Any CPU.Build.0 = Release|Any CPU
		{052E247E-35BF-49D1-B3B7-E2C3D60D43E4}.Debug|Any CPU.ActiveCfg = Debug|Any CPU
		{052E247E-35BF-49D1-B3B7-E2C3D60D43E4}.Debug|Any CPU.Build.0 = Debug|Any CPU
		{052E247E-35BF-49D1-B3B7-E2C3D60D43E4}.Release|Any CPU.ActiveCfg = Release|Any CPU
		{052E247E-35BF-49D1-B3B7-E2C3D60D43E4}.Release|Any CPU.Build.0 = Release|Any CPU
		{60435A6F-23FD-4135-A640-3D9E166D4DF0}.Debug|Any CPU.ActiveCfg = Debug|Any CPU
		{60435A6F-23FD-4135-A640-3D9E166D4DF0}.Debug|Any CPU.Build.0 = Debug|Any CPU
		{60435A6F-23FD-4135-A640-3D9E166D4DF0}.Release|Any CPU.ActiveCfg = Release|Any CPU
		{60435A6F-23FD-4135-A640-3D9E166D4DF0}.Release|Any CPU.Build.0 = Release|Any CPU
		{0368FCF2-3563-4A1F-9E22-ADA61ACCD3F3}.Debug|Any CPU.ActiveCfg = Debug|Any CPU
		{0368FCF2-3563-4A1F-9E22-ADA61ACCD3F3}.Debug|Any CPU.Build.0 = Debug|Any CPU
		{0368FCF2-3563-4A1F-9E22-ADA61ACCD3F3}.Release|Any CPU.ActiveCfg = Release|Any CPU
		{0368FCF2-3563-4A1F-9E22-ADA61ACCD3F3}.Release|Any CPU.Build.0 = Release|Any CPU
		{863F1A8A-2694-4BFA-9093-166A8B18C7F1}.Debug|Any CPU.ActiveCfg = Debug|Any CPU
		{863F1A8A-2694-4BFA-9093-166A8B18C7F1}.Debug|Any CPU.Build.0 = Debug|Any CPU
		{863F1A8A-2694-4BFA-9093-166A8B18C7F1}.Release|Any CPU.ActiveCfg = Release|Any CPU
		{863F1A8A-2694-4BFA-9093-166A8B18C7F1}.Release|Any CPU.Build.0 = Release|Any CPU
		{2E1D9AB4-C199-41B8-B5DB-C7A286B79690}.Debug|Any CPU.ActiveCfg = Debug|Any CPU
		{2E1D9AB4-C199-41B8-B5DB-C7A286B79690}.Debug|Any CPU.Build.0 = Debug|Any CPU
		{2E1D9AB4-C199-41B8-B5DB-C7A286B79690}.Release|Any CPU.ActiveCfg = Release|Any CPU
		{2E1D9AB4-C199-41B8-B5DB-C7A286B79690}.Release|Any CPU.Build.0 = Release|Any CPU
		{2486DD0A-0D5D-2935-825B-9087B050AECC}.Debug|Any CPU.ActiveCfg = Debug|Any CPU
		{2486DD0A-0D5D-2935-825B-9087B050AECC}.Debug|Any CPU.Build.0 = Debug|Any CPU
		{2486DD0A-0D5D-2935-825B-9087B050AECC}.Debug|Any CPU.Deploy.0 = Debug|Any CPU
		{2486DD0A-0D5D-2935-825B-9087B050AECC}.Release|Any CPU.ActiveCfg = Release|Any CPU
		{2486DD0A-0D5D-2935-825B-9087B050AECC}.Release|Any CPU.Build.0 = Release|Any CPU
		{2486DD0A-0D5D-2935-825B-9087B050AECC}.Release|Any CPU.Deploy.0 = Release|Any CPU
		{4F4C987E-2EB1-B5D0-1FDE-6E4950B8BA35}.Debug|Any CPU.ActiveCfg = Debug|Any CPU
		{4F4C987E-2EB1-B5D0-1FDE-6E4950B8BA35}.Debug|Any CPU.Build.0 = Debug|Any CPU
		{4F4C987E-2EB1-B5D0-1FDE-6E4950B8BA35}.Debug|Any CPU.Deploy.0 = Debug|Any CPU
		{4F4C987E-2EB1-B5D0-1FDE-6E4950B8BA35}.Release|Any CPU.ActiveCfg = Release|Any CPU
		{4F4C987E-2EB1-B5D0-1FDE-6E4950B8BA35}.Release|Any CPU.Build.0 = Release|Any CPU
		{4F4C987E-2EB1-B5D0-1FDE-6E4950B8BA35}.Release|Any CPU.Deploy.0 = Release|Any CPU
		{544175F3-59A1-4FF8-A41F-4261EC654187}.Debug|Any CPU.ActiveCfg = Debug|Any CPU
		{544175F3-59A1-4FF8-A41F-4261EC654187}.Debug|Any CPU.Build.0 = Debug|Any CPU
		{544175F3-59A1-4FF8-A41F-4261EC654187}.Release|Any CPU.ActiveCfg = Release|Any CPU
		{544175F3-59A1-4FF8-A41F-4261EC654187}.Release|Any CPU.Build.0 = Release|Any CPU
		{79630144-DE1A-4331-AD58-069BF28AE897}.Debug|Any CPU.ActiveCfg = Debug|Any CPU
		{79630144-DE1A-4331-AD58-069BF28AE897}.Debug|Any CPU.Build.0 = Debug|Any CPU
		{79630144-DE1A-4331-AD58-069BF28AE897}.Release|Any CPU.ActiveCfg = Release|Any CPU
		{79630144-DE1A-4331-AD58-069BF28AE897}.Release|Any CPU.Build.0 = Release|Any CPU
		{94EB8329-947B-4C76-ADC9-EEE6C4AEAD4E}.Debug|Any CPU.ActiveCfg = Debug|Any CPU
		{94EB8329-947B-4C76-ADC9-EEE6C4AEAD4E}.Debug|Any CPU.Build.0 = Debug|Any CPU
		{94EB8329-947B-4C76-ADC9-EEE6C4AEAD4E}.Release|Any CPU.ActiveCfg = Release|Any CPU
		{94EB8329-947B-4C76-ADC9-EEE6C4AEAD4E}.Release|Any CPU.Build.0 = Release|Any CPU
		{4E4CDA9A-5429-4270-882E-A3EC58BE2AB6}.Debug|Any CPU.ActiveCfg = Debug|Any CPU
		{4E4CDA9A-5429-4270-882E-A3EC58BE2AB6}.Debug|Any CPU.Build.0 = Debug|Any CPU
		{4E4CDA9A-5429-4270-882E-A3EC58BE2AB6}.Release|Any CPU.ActiveCfg = Release|Any CPU
		{4E4CDA9A-5429-4270-882E-A3EC58BE2AB6}.Release|Any CPU.Build.0 = Release|Any CPU
		{3A4B27C3-F76E-43CB-A0FA-19177401EB37}.Debug|Any CPU.ActiveCfg = Debug|Any CPU
		{3A4B27C3-F76E-43CB-A0FA-19177401EB37}.Debug|Any CPU.Build.0 = Debug|Any CPU
		{3A4B27C3-F76E-43CB-A0FA-19177401EB37}.Release|Any CPU.ActiveCfg = Release|Any CPU
		{3A4B27C3-F76E-43CB-A0FA-19177401EB37}.Release|Any CPU.Build.0 = Release|Any CPU
	EndGlobalSection
	GlobalSection(SolutionProperties) = preSolution
		HideSolutionNode = FALSE
	EndGlobalSection
	GlobalSection(NestedProjects) = preSolution
		{5F4688FF-B1A0-4BD6-8052-F4B4F7FDE734} = {0EA014D9-5D23-4EE2-A0E5-B6A0916000CD}
		{415BC06D-014F-49F4-A28E-D48E7150A9BE} = {0EA014D9-5D23-4EE2-A0E5-B6A0916000CD}
		{463540A1-2D10-4BA8-B838-31CD0C03B9D7} = {0EA014D9-5D23-4EE2-A0E5-B6A0916000CD}
		{11108A59-AF3B-48F1-87A6-015229D93024} = {415BC06D-014F-49F4-A28E-D48E7150A9BE}
		{740057DC-0042-405B-A679-69703134DF6B} = {415BC06D-014F-49F4-A28E-D48E7150A9BE}
		{EAF3A4B1-9F62-43D6-8415-6BC179456638} = {9752E1C1-67E6-4F5E-896F-676AF1FDF425}
		{E8554658-1675-4E86-A772-4F7EE0BF46A3} = {463540A1-2D10-4BA8-B838-31CD0C03B9D7}
		{ACC63028-F1F6-4C04-9E2C-318AADE07AB9} = {5F4688FF-B1A0-4BD6-8052-F4B4F7FDE734}
		{C82398F3-246D-49F2-BC1F-EF62283EA24F} = {463540A1-2D10-4BA8-B838-31CD0C03B9D7}
		{90A2F7C2-CFDF-4C78-9D5C-DA983D91206B} = {463540A1-2D10-4BA8-B838-31CD0C03B9D7}
		{C46E7AEC-FADB-4B57-84B0-70DBF3DDC31D} = {463540A1-2D10-4BA8-B838-31CD0C03B9D7}
		{052E247E-35BF-49D1-B3B7-E2C3D60D43E4} = {463540A1-2D10-4BA8-B838-31CD0C03B9D7}
		{60435A6F-23FD-4135-A640-3D9E166D4DF0} = {463540A1-2D10-4BA8-B838-31CD0C03B9D7}
		{0368FCF2-3563-4A1F-9E22-ADA61ACCD3F3} = {463540A1-2D10-4BA8-B838-31CD0C03B9D7}
		{863F1A8A-2694-4BFA-9093-166A8B18C7F1} = {463540A1-2D10-4BA8-B838-31CD0C03B9D7}
		{9CF72851-172A-482E-81B4-5113748D4758} = {0EA014D9-5D23-4EE2-A0E5-B6A0916000CD}
		{2E1D9AB4-C199-41B8-B5DB-C7A286B79690} = {9752E1C1-67E6-4F5E-896F-676AF1FDF425}
		{2486DD0A-0D5D-2935-825B-9087B050AECC} = {9CF72851-172A-482E-81B4-5113748D4758}
		{4F4C987E-2EB1-B5D0-1FDE-6E4950B8BA35} = {9CF72851-172A-482E-81B4-5113748D4758}
		{544175F3-59A1-4FF8-A41F-4261EC654187} = {463540A1-2D10-4BA8-B838-31CD0C03B9D7}
		{79630144-DE1A-4331-AD58-069BF28AE897} = {9752E1C1-67E6-4F5E-896F-676AF1FDF425}
		{94EB8329-947B-4C76-ADC9-EEE6C4AEAD4E} = {9752E1C1-67E6-4F5E-896F-676AF1FDF425}
		{4E4CDA9A-5429-4270-882E-A3EC58BE2AB6} = {9752E1C1-67E6-4F5E-896F-676AF1FDF425}
		{3A4B27C3-F76E-43CB-A0FA-19177401EB37} = {9752E1C1-67E6-4F5E-896F-676AF1FDF425}
	EndGlobalSection
	GlobalSection(ExtensibilityGlobals) = postSolution
		SolutionGuid = {704BEEEA-8630-404F-BEAB-1F9DE6F66368}
	EndGlobalSection
EndGlobal
